Microsoft Visual Studio Solution File, Format Version 12.00
# Visual Studio Version 17
VisualStudioVersion = 17.5.2.0
MinimumVisualStudioVersion = 10.0.40219.1
Project("{FAE04EC0-301F-11D3-BF4B-00C04F79EFBC}") = "PrototipadoProyecto", "PrototipadoProyecto.csproj", "{52FF8DAD-0D30-0580-CF3F-EF19A91D01F3}"
EndProject
Global
	GlobalSection(SolutionConfigurationPlatforms) = preSolution
		Debug|Any CPU = Debug|Any CPU
		Release|Any CPU = Release|Any CPU
	EndGlobalSection
	GlobalSection(ProjectConfigurationPlatforms) = postSolution
		{52FF8DAD-0D30-0580-CF3F-EF19A91D01F3}.Debug|Any CPU.ActiveCfg = Debug|Any CPU
		{52FF8DAD-0D30-0580-CF3F-EF19A91D01F3}.Debug|Any CPU.Build.0 = Debug|Any CPU
		{52FF8DAD-0D30-0580-CF3F-EF19A91D01F3}.Release|Any CPU.ActiveCfg = Release|Any CPU
		{52FF8DAD-0D30-0580-CF3F-EF19A91D01F3}.Release|Any CPU.Build.0 = Release|Any CPU
	EndGlobalSection
	GlobalSection(SolutionProperties) = preSolution
		HideSolutionNode = FALSE
	EndGlobalSection
	GlobalSection(ExtensibilityGlobals) = postSolution
		SolutionGuid = {615D4611-2210-491C-9F9C-88C10AB6CC39}
	EndGlobalSection
EndGlobal
